
Microsoft Visual Studio Solution File, Format Version 12.00
# Visual Studio Version 17
VisualStudioVersion = 17.7.34024.191
MinimumVisualStudioVersion = 10.0.40219.1
Project("{FAE04EC0-301F-11D3-BF4B-00C04F79EFBC}") = "webapp", "webapp\webapp.csproj", "{2FFC76E1-A584-4E20-AB45-00AF0F482DED}"
EndProject
Global
	GlobalSection(SolutionConfigurationPlatforms) = preSolution
		Debug|Any CPU = Debug|Any CPU
		Release|Any CPU = Release|Any CPU
	EndGlobalSection
	GlobalSection(ProjectConfigurationPlatforms) = postSolution
		{2FFC76E1-A584-4E20-AB45-00AF0F482DED}.Debug|Any CPU.ActiveCfg = Debug|Any CPU
		{2FFC76E1-A584-4E20-AB45-00AF0F482DED}.Debug|Any CPU.Build.0 = Debug|Any CPU
		{2FFC76E1-A584-4E20-AB45-00AF0F482DED}.Release|Any CPU.ActiveCfg = Release|Any CPU
		{2FFC76E1-A584-4E20-AB45-00AF0F482DED}.Release|Any CPU.Build.0 = Release|Any CPU
	EndGlobalSection
	GlobalSection(SolutionProperties) = preSolution
		HideSolutionNode = FALSE
	EndGlobalSection
	GlobalSection(ExtensibilityGlobals) = postSolution
		SolutionGuid = {3FB7AB6E-3853-40FF-89FF-F691DAD572C9}
	EndGlobalSection
EndGlobal
